Microsoft Visual Studio Solution File, Format Version 12.00
# Visual Studio 2012
Project("{FAE04EC0-301F-11D3-BF4B-00C04F79EFBC}") = "gamedevfinal", "gamedevfinal.csproj", "{B655D205-8D80-4497-88EF-25B2C2A13381}"
EndProject
Global
	GlobalSection(SolutionConfigurationPlatforms) = preSolution
	Debug|Any CPU = Debug|Any CPU
	ExportDebug|Any CPU = ExportDebug|Any CPU
	ExportRelease|Any CPU = ExportRelease|Any CPU
	EndGlobalSection
	GlobalSection(ProjectConfigurationPlatforms) = postSolution
		{B655D205-8D80-4497-88EF-25B2C2A13381}.Debug|Any CPU.ActiveCfg = Debug|Any CPU
		{B655D205-8D80-4497-88EF-25B2C2A13381}.Debug|Any CPU.Build.0 = Debug|Any CPU
		{B655D205-8D80-4497-88EF-25B2C2A13381}.ExportDebug|Any CPU.ActiveCfg = ExportDebug|Any CPU
		{B655D205-8D80-4497-88EF-25B2C2A13381}.ExportDebug|Any CPU.Build.0 = ExportDebug|Any CPU
		{B655D205-8D80-4497-88EF-25B2C2A13381}.ExportRelease|Any CPU.ActiveCfg = ExportRelease|Any CPU
		{B655D205-8D80-4497-88EF-25B2C2A13381}.ExportRelease|Any CPU.Build.0 = ExportRelease|Any CPU
	EndGlobalSection
EndGlobal
